
Microsoft Visual Studio Solution File, Format Version 12.00
# Visual Studio Version 16
VisualStudioVersion = 16.0.30413.136
MinimumVisualStudioVersion = 10.0.40219.1
Project("{FAE04EC0-301F-11D3-BF4B-00C04F79EFBC}") = "Metody_9-16_GitHub", "Metody_9-16_GitHub.csproj", "{7D70E81E-0504-43E6-AB74-D9B1CB8D4FD6}"
EndProject
Global
	GlobalSection(SolutionConfigurationPlatforms) = preSolution
		Debug|Any CPU = Debug|Any CPU
		Release|Any CPU = Release|Any CPU
	EndGlobalSection
	GlobalSection(ProjectConfigurationPlatforms) = postSolution
		{7D70E81E-0504-43E6-AB74-D9B1CB8D4FD6}.Debug|Any CPU.ActiveCfg = Debug|Any CPU
		{7D70E81E-0504-43E6-AB74-D9B1CB8D4FD6}.Debug|Any CPU.Build.0 = Debug|Any CPU
		{7D70E81E-0504-43E6-AB74-D9B1CB8D4FD6}.Release|Any CPU.ActiveCfg = Release|Any CPU
		{7D70E81E-0504-43E6-AB74-D9B1CB8D4FD6}.Release|Any CPU.Build.0 = Release|Any CPU
	EndGlobalSection
	GlobalSection(SolutionProperties) = preSolution
		HideSolutionNode = FALSE
	EndGlobalSection
	GlobalSection(ExtensibilityGlobals) = postSolution
		SolutionGuid = {26CFEE94-649E-4E29-AC43-39F9F6A23A58}
	EndGlobalSection
EndGlobal
